# ga4gh-infra — optional companion pins (this product does not vendor Ferrum).
#
# Stack/deploy image tags follow ga4gh-infra-v* (currently 0.2.3).
# Crate Cargo.toml may stay 0.1.0 — see docs/IDENTITY.md and docs/versioning.md.

FERRUM_REF=v0.3.1
FERRUM_SHA=f28f27800f1d92c6a76670c760d9beb444c368d6
# Canonical suite HelixTest SHA (Ferrum VERSIONS.lock). Not tag v0.1.1.
HELIXTEST_REF=4a10e126c21960471f439f26d23180058422b507
HELIXTEST_SHA=4a10e126c21960471f439f26d23180058422b507
